
Microsoft Visual Studio Solution File, Format Version 12.00
# Visual Studio Version 17
VisualStudioVersion = 17.2.32526.322
MinimumVisualStudioVersion = 10.0.40219.1
Project("{FAE04EC0-301F-11D3-BF4B-00C04F79EFBC}") = "Capa1_Presentacion.Web.AspNet.ModuloPrincipal", "SistemaNominas_Grupo03\Capa1_Presentacion.Web.AspNet.ModuloPrincipal.csproj", "{49DB02BD-027B-4ED7-BACB-2C0CC57E7674}"
EndProject
Project("{2150E333-8FDC-42A3-9474-1A3956D46DE8}") = "ArquitecturaNCapasMVC", "ArquitecturaNCapasMVC", "{3DB312EE-69AD-4E71-92B3-D0D92B76304E}"
EndProject
Project("{2150E333-8FDC-42A3-9474-1A3956D46DE8}") = "Capa1_Presentacion", "Capa1_Presentacion", "{35845377-27A0-4196-B24B-D4B4ACB10AEF}"
EndProject
Project("{2150E333-8FDC-42A3-9474-1A3956D46DE8}") = "Web", "Web", "{93C55485-7F78-43C0-A9AD-50F020F25580}"
EndProject
Project("{2150E333-8FDC-42A3-9474-1A3956D46DE8}") = "AspNet", "AspNet", "{BB4FF0F3-0B49-43F9-8326-5AFB1DCFC566}"
EndProject
Project("{2150E333-8FDC-42A3-9474-1A3956D46DE8}") = "ModuloPrincipal", "ModuloPrincipal", "{DC7F0FB1-E34B-41A6-9EE7-68FD590672C5}"
EndProject
Project("{2150E333-8FDC-42A3-9474-1A3956D46DE8}") = "Capa2_Aplicacion", "Capa2_Aplicacion", "{79EBCECB-40D9-4A2B-AC0C-5F8C6486E15E}"
EndProject
Project("{2150E333-8FDC-42A3-9474-1A3956D46DE8}") = "ModuloPrincipal", "ModuloPrincipal", "{AB806837-A6DD-4681-8D08-982DBEED48E9}"
EndProject
Project("{2150E333-8FDC-42A3-9474-1A3956D46DE8}") = "Capa3_Dominio", "Capa3_Dominio", "{A0CC1DF5-5736-4C08-B051-A670837F1AE7}"
EndProject
Project("{2150E333-8FDC-42A3-9474-1A3956D46DE8}") = "ModuloPrincipal", "ModuloPrincipal", "{40C5EA48-BF53-42CE-8909-AB05AF1BF385}"
EndProject
Project("{2150E333-8FDC-42A3-9474-1A3956D46DE8}") = "Capa4_Persistencia", "Capa4_Persistencia", "{1C59BD8D-63C3-4B13-A062-419D46B54262}"
EndProject
Project("{2150E333-8FDC-42A3-9474-1A3956D46DE8}") = "SqlServer", "SqlServer", "{966E7E62-148A-41A4-86B2-7A583C5A69A5}"
EndProject
Project("{2150E333-8FDC-42A3-9474-1A3956D46DE8}") = "ModuloBase", "ModuloBase", "{F3B975AF-D7F9-4945-9682-473AA82F4594}"
EndProject
Project("{2150E333-8FDC-42A3-9474-1A3956D46DE8}") = "ModuloPrincipal", "ModuloPrincipal", "{D6E49438-FCD9-40E5-A184-039E0D1BCF7E}"
EndProject
Project("{FAE04EC0-301F-11D3-BF4B-00C04F79EFBC}") = "Capa4_Persistencia.SqlServer.ModuloPrincipal", "Capa4_Persistencia.SqlServer.ModuloPrincipal\Capa4_Persistencia.SqlServer.ModuloPrincipal.csproj", "{AF6C7ACE-D5DD-4F1B-A19D-0975DFF5A294}"
EndProject
Project("{FAE04EC0-301F-11D3-BF4B-00C04F79EFBC}") = "Capa4_Persistencia.SqlServer.ModuloBase", "Capa4_Persistencia.SqlServer.ModuloBase\Capa4_Persistencia.SqlServer.ModuloBase.csproj", "{4907D528-266E-4CA9-B398-B004674373D3}"
EndProject
Project("{FAE04EC0-301F-11D3-BF4B-00C04F79EFBC}") = "Capa3_Dominio.ModuloPrincipal", "Capa3_Dominio.ModuloPrincipal\Capa3_Dominio.ModuloPrincipal.csproj", "{D93680FA-6E10-4765-B65D-1DE9458ACD50}"
EndProject
Project("{FAE04EC0-301F-11D3-BF4B-00C04F79EFBC}") = "Capa2_Aplicacion.ModuloPrincipal", "Capa2_Aplicacion.ModuloPrincipal\Capa2_Aplicacion.ModuloPrincipal.csproj", "{EDC60852-BE3A-41DC-A7FD-EB382C0FF7BA}"
EndProject
Project("{FAE04EC0-301F-11D3-BF4B-00C04F79EFBC}") = "Capa3_Dominio.ModuloPrincipalTests", "Capa3_Dominio.ModuloPrincipalTests\Capa3_Dominio.ModuloPrincipalTests.csproj", "{2E1BA920-E9FF-40B7-BD53-06D5131DD890}"
EndProject
Global
	GlobalSection(SolutionConfigurationPlatforms) = preSolution
		Debug|Any CPU = Debug|Any CPU
		Release|Any CPU = Release|Any CPU
	EndGlobalSection
	GlobalSection(ProjectConfigurationPlatforms) = postSolution
		{49DB02BD-027B-4ED7-BACB-2C0CC57E7674}.Debug|Any CPU.ActiveCfg = Debug|Any CPU
		{49DB02BD-027B-4ED7-BACB-2C0CC57E7674}.Debug|Any CPU.Build.0 = Debug|Any CPU
		{49DB02BD-027B-4ED7-BACB-2C0CC57E7674}.Release|Any CPU.ActiveCfg = Release|Any CPU
		{49DB02BD-027B-4ED7-BACB-2C0CC57E7674}.Release|Any CPU.Build.0 = Release|Any CPU
		{AF6C7ACE-D5DD-4F1B-A19D-0975DFF5A294}.Debug|Any CPU.ActiveCfg = Debug|Any CPU
		{AF6C7ACE-D5DD-4F1B-A19D-0975DFF5A294}.Debug|Any CPU.Build.0 = Debug|Any CPU
		{AF6C7ACE-D5DD-4F1B-A19D-0975DFF5A294}.Release|Any CPU.ActiveCfg = Release|Any CPU
		{AF6C7ACE-D5DD-4F1B-A19D-0975DFF5A294}.Release|Any CPU.Build.0 = Release|Any CPU
		{4907D528-266E-4CA9-B398-B004674373D3}.Debug|Any CPU.ActiveCfg = Debug|Any CPU
		{4907D528-266E-4CA9-B398-B004674373D3}.Debug|Any CPU.Build.0 = Debug|Any CPU
		{4907D528-266E-4CA9-B398-B004674373D3}.Release|Any CPU.ActiveCfg = Release|Any CPU
		{4907D528-266E-4CA9-B398-B004674373D3}.Release|Any CPU.Build.0 = Release|Any CPU
		{D93680FA-6E10-4765-B65D-1DE9458ACD50}.Debug|Any CPU.ActiveCfg = Debug|Any CPU
		{D93680FA-6E10-4765-B65D-1DE9458ACD50}.Debug|Any CPU.Build.0 = Debug|Any CPU
		{D93680FA-6E10-4765-B65D-1DE9458ACD50}.Release|Any CPU.ActiveCfg = Release|Any CPU
		{D93680FA-6E10-4765-B65D-1DE9458ACD50}.Release|Any CPU.Build.0 = Release|Any CPU
		{EDC60852-BE3A-41DC-A7FD-EB382C0FF7BA}.Debug|Any CPU.ActiveCfg = Debug|Any CPU
		{EDC60852-BE3A-41DC-A7FD-EB382C0FF7BA}.Debug|Any CPU.Build.0 = Debug|Any CPU
		{EDC60852-BE3A-41DC-A7FD-EB382C0FF7BA}.Release|Any CPU.ActiveCfg = Release|Any CPU
		{EDC60852-BE3A-41DC-A7FD-EB382C0FF7BA}.Release|Any CPU.Build.0 = Release|Any CPU
		{2E1BA920-E9FF-40B7-BD53-06D5131DD890}.Debug|Any CPU.ActiveCfg = Debug|Any CPU
		{2E1BA920-E9FF-40B7-BD53-06D5131DD890}.Debug|Any CPU.Build.0 = Debug|Any CPU
		{2E1BA920-E9FF-40B7-BD53-06D5131DD890}.Release|Any CPU.ActiveCfg = Release|Any CPU
		{2E1BA920-E9FF-40B7-BD53-06D5131DD890}.Release|Any CPU.Build.0 = Release|Any CPU
	EndGlobalSection
	GlobalSection(SolutionProperties) = preSolution
		HideSolutionNode = FALSE
	EndGlobalSection
	GlobalSection(NestedProjects) = preSolution
		{49DB02BD-027B-4ED7-BACB-2C0CC57E7674} = {DC7F0FB1-E34B-41A6-9EE7-68FD590672C5}
		{35845377-27A0-4196-B24B-D4B4ACB10AEF} = {3DB312EE-69AD-4E71-92B3-D0D92B76304E}
		{93C55485-7F78-43C0-A9AD-50F020F25580} = {35845377-27A0-4196-B24B-D4B4ACB10AEF}
		{BB4FF0F3-0B49-43F9-8326-5AFB1DCFC566} = {93C55485-7F78-43C0-A9AD-50F020F25580}
		{DC7F0FB1-E34B-41A6-9EE7-68FD590672C5} = {BB4FF0F3-0B49-43F9-8326-5AFB1DCFC566}
		{79EBCECB-40D9-4A2B-AC0C-5F8C6486E15E} = {3DB312EE-69AD-4E71-92B3-D0D92B76304E}
		{AB806837-A6DD-4681-8D08-982DBEED48E9} = {79EBCECB-40D9-4A2B-AC0C-5F8C6486E15E}
		{A0CC1DF5-5736-4C08-B051-A670837F1AE7} = {3DB312EE-69AD-4E71-92B3-D0D92B76304E}
		{40C5EA48-BF53-42CE-8909-AB05AF1BF385} = {A0CC1DF5-5736-4C08-B051-A670837F1AE7}
		{1C59BD8D-63C3-4B13-A062-419D46B54262} = {3DB312EE-69AD-4E71-92B3-D0D92B76304E}
		{966E7E62-148A-41A4-86B2-7A583C5A69A5} = {1C59BD8D-63C3-4B13-A062-419D46B54262}
		{F3B975AF-D7F9-4945-9682-473AA82F4594} = {966E7E62-148A-41A4-86B2-7A583C5A69A5}
		{D6E49438-FCD9-40E5-A184-039E0D1BCF7E} = {966E7E62-148A-41A4-86B2-7A583C5A69A5}
		{AF6C7ACE-D5DD-4F1B-A19D-0975DFF5A294} = {D6E49438-FCD9-40E5-A184-039E0D1BCF7E}
		{4907D528-266E-4CA9-B398-B004674373D3} = {F3B975AF-D7F9-4945-9682-473AA82F4594}
		{D93680FA-6E10-4765-B65D-1DE9458ACD50} = {40C5EA48-BF53-42CE-8909-AB05AF1BF385}
		{EDC60852-BE3A-41DC-A7FD-EB382C0FF7BA} = {AB806837-A6DD-4681-8D08-982DBEED48E9}
	EndGlobalSection
	GlobalSection(ExtensibilityGlobals) = postSolution
		SolutionGuid = {274EAD91-2942-4D7F-8065-134896E9ECDE}
	EndGlobalSection
EndGlobal
